
Microsoft Visual Studio Solution File, Format Version 12.00
# Visual Studio 15
VisualStudioVersion = 15.0.27004.2006
MinimumVisualStudioVersion = 10.0.40219.1
Project("{FAE04EC0-301F-11D3-BF4B-00C04F79EFBC}") = "CoreConsole", "CoreConsole\CoreConsole.csproj", "{DB6011FB-8536-4848-A748-6E817F234865}"
EndProject
Project("{FAE04EC0-301F-11D3-BF4B-00C04F79EFBC}") = "UT_for_CoreConsole", "UT_for_CoreConsole\UT_for_CoreConsole.csproj", "{B20DBDBC-0A47-44B1-BC44-B1C2AE479622}"
EndProject
Global
	GlobalSection(SolutionConfigurationPlatforms) = preSolution
		Debug|Any CPU = Debug|Any CPU
		Release|Any CPU = Release|Any CPU
	EndGlobalSection
	GlobalSection(ProjectConfigurationPlatforms) = postSolution
		{DB6011FB-8536-4848-A748-6E817F234865}.Debug|Any CPU.ActiveCfg = Debug|Any CPU
		{DB6011FB-8536-4848-A748-6E817F234865}.Debug|Any CPU.Build.0 = Debug|Any CPU
		{DB6011FB-8536-4848-A748-6E817F234865}.Release|Any CPU.ActiveCfg = Release|Any CPU
		{DB6011FB-8536-4848-A748-6E817F234865}.Release|Any CPU.Build.0 = Release|Any CPU
		{B20DBDBC-0A47-44B1-BC44-B1C2AE479622}.Debug|Any CPU.ActiveCfg = Debug|Any CPU
		{B20DBDBC-0A47-44B1-BC44-B1C2AE479622}.Debug|Any CPU.Build.0 = Debug|Any CPU
		{B20DBDBC-0A47-44B1-BC44-B1C2AE479622}.Release|Any CPU.ActiveCfg = Release|Any CPU
		{B20DBDBC-0A47-44B1-BC44-B1C2AE479622}.Release|Any CPU.Build.0 = Release|Any CPU
	EndGlobalSection
	GlobalSection(SolutionProperties) = preSolution
		HideSolutionNode = FALSE
	EndGlobalSection
	GlobalSection(ExtensibilityGlobals) = postSolution
		SolutionGuid = {CC09B2EC-7325-4EEA-B505-6ADC19A7409E}
	EndGlobalSection
EndGlobal
